
Microsoft Visual Studio Solution File, Format Version 12.00
# Visual Studio 2012
Project("{FAE04EC0-301F-11D3-BF4B-00C04F79EFBC}") = "HTML5_Tutorial", "HTML5_Tutorial\HTML5_Tutorial.csproj", "{29592897-C8A9-45ED-84AF-BE9AE2915BDD}"
EndProject
Global
	GlobalSection(SolutionConfigurationPlatforms) = preSolution
		Debug|Any CPU = Debug|Any CPU
		Debug|ARM = Debug|ARM
		Debug|x86 = Debug|x86
		Release|Any CPU = Release|Any CPU
		Release|ARM = Release|ARM
		Release|x86 = Release|x86
	EndGlobalSection
	GlobalSection(ProjectConfigurationPlatforms) = postSolution
		{29592897-C8A9-45ED-84AF-BE9AE2915BDD}.Debug|Any CPU.ActiveCfg = Debug|Any CPU
		{29592897-C8A9-45ED-84AF-BE9AE2915BDD}.Debug|Any CPU.Build.0 = Debug|Any CPU
		{29592897-C8A9-45ED-84AF-BE9AE2915BDD}.Debug|Any CPU.Deploy.0 = Debug|Any CPU
		{29592897-C8A9-45ED-84AF-BE9AE2915BDD}.Debug|ARM.ActiveCfg = Debug|ARM
		{29592897-C8A9-45ED-84AF-BE9AE2915BDD}.Debug|ARM.Build.0 = Debug|ARM
		{29592897-C8A9-45ED-84AF-BE9AE2915BDD}.Debug|ARM.Deploy.0 = Debug|ARM
		{29592897-C8A9-45ED-84AF-BE9AE2915BDD}.Debug|x86.ActiveCfg = Debug|x86
		{29592897-C8A9-45ED-84AF-BE9AE2915BDD}.Debug|x86.Build.0 = Debug|x86
		{29592897-C8A9-45ED-84AF-BE9AE2915BDD}.Debug|x86.Deploy.0 = Debug|x86
		{29592897-C8A9-45ED-84AF-BE9AE2915BDD}.Release|Any CPU.ActiveCfg = Release|Any CPU
		{29592897-C8A9-45ED-84AF-BE9AE2915BDD}.Release|Any CPU.Build.0 = Release|Any CPU
		{29592897-C8A9-45ED-84AF-BE9AE2915BDD}.Release|Any CPU.Deploy.0 = Release|Any CPU
		{29592897-C8A9-45ED-84AF-BE9AE2915BDD}.Release|ARM.ActiveCfg = Release|ARM
		{29592897-C8A9-45ED-84AF-BE9AE2915BDD}.Release|ARM.Build.0 = Release|ARM
		{29592897-C8A9-45ED-84AF-BE9AE2915BDD}.Release|ARM.Deploy.0 = Release|ARM
		{29592897-C8A9-45ED-84AF-BE9AE2915BDD}.Release|x86.ActiveCfg = Release|x86
		{29592897-C8A9-45ED-84AF-BE9AE2915BDD}.Release|x86.Build.0 = Release|x86
		{29592897-C8A9-45ED-84AF-BE9AE2915BDD}.Release|x86.Deploy.0 = Release|x86
	EndGlobalSection
	GlobalSection(SolutionProperties) = preSolution
		HideSolutionNode = FALSE
	EndGlobalSection
EndGlobal
